
Microsoft Visual Studio Solution File, Format Version 12.00
# Visual Studio Version 16
VisualStudioVersion = 16.0.31129.286
MinimumVisualStudioVersion = 10.0.40219.1
Project("{FAE04EC0-301F-11D3-BF4B-00C04F79EFBC}") = "alunos Prova Ads", "alunos Prova Ads\alunos Prova Ads.csproj", "{8A180CE6-5644-4431-828D-320D0DF83F79}"
EndProject
Global
	GlobalSection(SolutionConfigurationPlatforms) = preSolution
		Debug|Any CPU = Debug|Any CPU
		Release|Any CPU = Release|Any CPU
	EndGlobalSection
	GlobalSection(ProjectConfigurationPlatforms) = postSolution
		{8A180CE6-5644-4431-828D-320D0DF83F79}.Debug|Any CPU.ActiveCfg = Debug|Any CPU
		{8A180CE6-5644-4431-828D-320D0DF83F79}.Debug|Any CPU.Build.0 = Debug|Any CPU
		{8A180CE6-5644-4431-828D-320D0DF83F79}.Release|Any CPU.ActiveCfg = Release|Any CPU
		{8A180CE6-5644-4431-828D-320D0DF83F79}.Release|Any CPU.Build.0 = Release|Any CPU
	EndGlobalSection
	GlobalSection(SolutionProperties) = preSolution
		HideSolutionNode = FALSE
	EndGlobalSection
	GlobalSection(ExtensibilityGlobals) = postSolution
		SolutionGuid = {303FF0DE-7A7F-4720-9345-849B05FD45D0}
	EndGlobalSection
EndGlobal
